<Solution>
  <Folder Name="/src/">
    <Project Path="src/ArcaneCore.Cryptography/ArcaneCore.Cryptography.csproj" />
    <Project Path="src/ArcaneCore.Data/ArcaneCore.Data.csproj" />
    <Project Path="src/ArcaneCore.Game/ArcaneCore.Game.csproj" />
    <Project Path="src/ArcaneCore.Kernel/ArcaneCore.Kernel.csproj" />
    <Project Path="src/ArcaneCore.Protocol/ArcaneCore.Protocol.csproj" />
    <Project Path="src/ArcaneCore.Realm/ArcaneCore.Realm.csproj" />
    <Project Path="src/ArcaneCore.World/ArcaneCore.World.csproj" />
  </Folder>
  <Folder Name="/tests/">
    <Project Path="tests/ArcaneCore.Cryptography.Tests/ArcaneCore.Cryptography.Tests.csproj" />
    <Project Path="tests/ArcaneCore.Data.Tests/ArcaneCore.Data.Tests.csproj" />
    <Project Path="tests/ArcaneCore.Game.Tests/ArcaneCore.Game.Tests.csproj" />
    <Project Path="tests/ArcaneCore.Kernel.Tests/ArcaneCore.Kernel.Tests.csproj" />
    <Project Path="tests/ArcaneCore.MockClient.Tests/ArcaneCore.MockClient.Tests.csproj" />
    <Project Path="tests/ArcaneCore.Realm.Tests/ArcaneCore.Realm.Tests.csproj" />
    <Project Path="tests/ArcaneCore.World.Tests/ArcaneCore.World.Tests.csproj" />
  </Folder>
  <Folder Name="/tools/">
    <Project Path="tools/ArcaneCore.AccountTool/ArcaneCore.AccountTool.csproj" />
    <Project Path="tools/ArcaneCore.ContentImporter/ArcaneCore.ContentImporter.csproj" />
    <Project Path="tools/ArcaneCore.DbUpgrade/ArcaneCore.DbUpgrade.csproj" />
    <Project Path="tools/ArcaneCore.MockClient/ArcaneCore.MockClient.csproj" />
    <Project Path="tools/spell-import/ArcaneCore.SpellImport.csproj" />
  </Folder>
</Solution>
